
Microsoft Visual Studio Solution File, Format Version 12.00
# Visual Studio 14
VisualStudioVersion = 14.0.23107.0
MinimumVisualStudioVersion = 10.0.40219.1
Project("{FAE04EC0-301F-11D3-BF4B-00C04F79EFBC}") = "StackExchange.Redis.SentinelTests", "StackExchange.Redis.SentinelTests.csproj", "{38B69B30-7BA1-414E-95DB-7ABBBD6EC5CC}"
EndProject
Global
	GlobalSection(SolutionConfigurationPlatforms) = preSolution
		Debug|Any CPU = Debug|Any CPU
		Release|Any CPU = Release|Any CPU
	EndGlobalSection
	GlobalSection(ProjectConfigurationPlatforms) = postSolution
		{38B69B30-7BA1-414E-95DB-7ABBBD6EC5CC}.Debug|Any CPU.ActiveCfg = Debug|Any CPU
		{38B69B30-7BA1-414E-95DB-7ABBBD6EC5CC}.Debug|Any CPU.Build.0 = Debug|Any CPU
		{38B69B30-7BA1-414E-95DB-7ABBBD6EC5CC}.Release|Any CPU.ActiveCfg = Release|Any CPU
		{38B69B30-7BA1-414E-95DB-7ABBBD6EC5CC}.Release|Any CPU.Build.0 = Release|Any CPU
	EndGlobalSection
	GlobalSection(SolutionProperties) = preSolution
		HideSolutionNode = FALSE
	EndGlobalSection
EndGlobal
